
Microsoft Visual Studio Solution File, Format Version 12.00
# Visual Studio Version 16
VisualStudioVersion = 25.0.1700.1
MinimumVisualStudioVersion = 10.0.40219.1
Project("{FAE04EC0-301F-11D3-BF4B-00C04F79EFBC}") = "AlgoStruct", "AlgoStruct.csproj", "{30D034F0-531D-4DEB-BE9D-1F0B484D236C}"
EndProject
Global
	GlobalSection(SolutionConfigurationPlatforms) = preSolution
		Debug|Any CPU = Debug|Any CPU
		Release|Any CPU = Release|Any CPU
	EndGlobalSection
	GlobalSection(ProjectConfigurationPlatforms) = postSolution
		{30D034F0-531D-4DEB-BE9D-1F0B484D236C}.Debug|Any CPU.ActiveCfg = Debug|Any CPU
		{30D034F0-531D-4DEB-BE9D-1F0B484D236C}.Debug|Any CPU.Build.0 = Debug|Any CPU
		{30D034F0-531D-4DEB-BE9D-1F0B484D236C}.Release|Any CPU.ActiveCfg = Release|Any CPU
		{30D034F0-531D-4DEB-BE9D-1F0B484D236C}.Release|Any CPU.Build.0 = Release|Any CPU
	EndGlobalSection
	GlobalSection(SolutionProperties) = preSolution
		HideSolutionNode = FALSE
	EndGlobalSection
	GlobalSection(ExtensibilityGlobals) = postSolution
		SolutionGuid = {42AE4596-522B-4B43-B226-C1E561DE7BCF}
	EndGlobalSection
EndGlobal
